{
  "originHash" : "cb76e00ba6425ee71b51a7c4458a13b14ec5e5b53f567a37ab5156a567e0cc3c",
  "pins" : [
    {
      "identity" : "swiftfp",
      "kind" : "remoteSourceControl",
      "location" : "https://github.com/ShapovalovIlya/SwiftFP.git",
      "state" : {
        "branch" : "main",
        "revision" : "419e5c3a387c347b25436b10027b062407800142"
      }
    }
  ],
  "version" : 3
}
